
Microsoft Visual Studio Solution File, Format Version 12.00
# Visual Studio Version 17
VisualStudioVersion = 17.5.002.0
MinimumVisualStudioVersion = 10.0.40219.1
Project("{9A19103F-16F7-4668-BE54-9A1E7A4F7556}") = "Assignment2", "Assignment2\Assignment2.csproj", "{38FBF772-367B-4537-8C0E-E58EF3F00174}"
EndProject
Project("{9A19103F-16F7-4668-BE54-9A1E7A4F7556}") = "Assignment3", "Assignment3\Assignment3.csproj", "{DCF12C51-C33A-4971-857C-AC4E732BDB1F}"
EndProject
Project("{9A19103F-16F7-4668-BE54-9A1E7A4F7556}") = "FirstConsoleApp", "FirstConsoleApp\FirstConsoleApp.csproj", "{77BFFACE-ED5B-4248-8B9F-E6D4D98127B6}"
EndProject
Project("{2150E333-8FDC-42A3-9474-1A3956D46DE8}") = "Assignment1", "Assignment1", "{2AF36CB1-1E4F-4707-9280-4177BE67506F}"
EndProject
Project("{9A19103F-16F7-4668-BE54-9A1E7A4F7556}") = "greeter", "Assignment1\greeter\greeter.csproj", "{858203FC-80F7-4ADD-91A5-83241D9D3B87}"
EndProject
Global
	GlobalSection(SolutionConfigurationPlatforms) = preSolution
		Debug|Any CPU = Debug|Any CPU
		Release|Any CPU = Release|Any CPU
	EndGlobalSection
	GlobalSection(ProjectConfigurationPlatforms) = postSolution
		{38FBF772-367B-4537-8C0E-E58EF3F00174}.Debug|Any CPU.ActiveCfg = Debug|Any CPU
		{38FBF772-367B-4537-8C0E-E58EF3F00174}.Debug|Any CPU.Build.0 = Debug|Any CPU
		{38FBF772-367B-4537-8C0E-E58EF3F00174}.Release|Any CPU.ActiveCfg = Release|Any CPU
		{38FBF772-367B-4537-8C0E-E58EF3F00174}.Release|Any CPU.Build.0 = Release|Any CPU
		{DCF12C51-C33A-4971-857C-AC4E732BDB1F}.Debug|Any CPU.ActiveCfg = Debug|Any CPU
		{DCF12C51-C33A-4971-857C-AC4E732BDB1F}.Debug|Any CPU.Build.0 = Debug|Any CPU
		{DCF12C51-C33A-4971-857C-AC4E732BDB1F}.Release|Any CPU.ActiveCfg = Release|Any CPU
		{DCF12C51-C33A-4971-857C-AC4E732BDB1F}.Release|Any CPU.Build.0 = Release|Any CPU
		{77BFFACE-ED5B-4248-8B9F-E6D4D98127B6}.Debug|Any CPU.ActiveCfg = Debug|Any CPU
		{77BFFACE-ED5B-4248-8B9F-E6D4D98127B6}.Debug|Any CPU.Build.0 = Debug|Any CPU
		{77BFFACE-ED5B-4248-8B9F-E6D4D98127B6}.Release|Any CPU.ActiveCfg = Release|Any CPU
		{77BFFACE-ED5B-4248-8B9F-E6D4D98127B6}.Release|Any CPU.Build.0 = Release|Any CPU
		{858203FC-80F7-4ADD-91A5-83241D9D3B87}.Debug|Any CPU.ActiveCfg = Debug|Any CPU
		{858203FC-80F7-4ADD-91A5-83241D9D3B87}.Debug|Any CPU.Build.0 = Debug|Any CPU
		{858203FC-80F7-4ADD-91A5-83241D9D3B87}.Release|Any CPU.ActiveCfg = Release|Any CPU
		{858203FC-80F7-4ADD-91A5-83241D9D3B87}.Release|Any CPU.Build.0 = Release|Any CPU
	EndGlobalSection
	GlobalSection(SolutionProperties) = preSolution
		HideSolutionNode = FALSE
	EndGlobalSection
	GlobalSection(NestedProjects) = preSolution
		{858203FC-80F7-4ADD-91A5-83241D9D3B87} = {2AF36CB1-1E4F-4707-9280-4177BE67506F}
	EndGlobalSection
	GlobalSection(ExtensibilityGlobals) = postSolution
		SolutionGuid = {EB0DF995-1C2C-4F50-95AE-D4E487A0F777}
	EndGlobalSection
EndGlobal
